
Microsoft Visual Studio Solution File, Format Version 12.00
# Visual Studio 15
VisualStudioVersion = 15.0.26730.3
MinimumVisualStudioVersion = 10.0.40219.1
Project("{FAE04EC0-301F-11D3-BF4B-00C04F79EFBC}") = "Vectores_Agenda", "Vectores_Agenda\Vectores_Agenda.csproj", "{52203A7E-DCD7-40DD-80D0-0959D4783B05}"
EndProject
Global
	GlobalSection(SolutionConfigurationPlatforms) = preSolution
		Debug|Any CPU = Debug|Any CPU
		Release|Any CPU = Release|Any CPU
	EndGlobalSection
	GlobalSection(ProjectConfigurationPlatforms) = postSolution
		{52203A7E-DCD7-40DD-80D0-0959D4783B05}.Debug|Any CPU.ActiveCfg = Debug|Any CPU
		{52203A7E-DCD7-40DD-80D0-0959D4783B05}.Debug|Any CPU.Build.0 = Debug|Any CPU
		{52203A7E-DCD7-40DD-80D0-0959D4783B05}.Release|Any CPU.ActiveCfg = Release|Any CPU
		{52203A7E-DCD7-40DD-80D0-0959D4783B05}.Release|Any CPU.Build.0 = Release|Any CPU
	EndGlobalSection
	GlobalSection(SolutionProperties) = preSolution
		HideSolutionNode = FALSE
	EndGlobalSection
	GlobalSection(ExtensibilityGlobals) = postSolution
		SolutionGuid = {3D0BC60B-1CA9-40D6-BE90-A8C42F8C0621}
	EndGlobalSection
EndGlobal
